
Microsoft Visual Studio Solution File, Format Version 12.00
# Visual Studio Version 17
VisualStudioVersion = 17.6.33829.357
MinimumVisualStudioVersion = 10.0.40219.1
Project("{FAE04EC0-301F-11D3-BF4B-00C04F79EFBC}") = "sharp_proxy", "sharp_proxy\sharp_proxy.csproj", "{F834868A-C5C1-4FBB-8B95-BD182E35B13D}"
EndProject
Global
	GlobalSection(SolutionConfigurationPlatforms) = preSolution
		Debug|Any CPU = Debug|Any CPU
		Release|Any CPU = Release|Any CPU
	EndGlobalSection
	GlobalSection(ProjectConfigurationPlatforms) = postSolution
		{F834868A-C5C1-4FBB-8B95-BD182E35B13D}.Debug|Any CPU.ActiveCfg = Debug|Any CPU
		{F834868A-C5C1-4FBB-8B95-BD182E35B13D}.Debug|Any CPU.Build.0 = Debug|Any CPU
		{F834868A-C5C1-4FBB-8B95-BD182E35B13D}.Release|Any CPU.ActiveCfg = Release|Any CPU
		{F834868A-C5C1-4FBB-8B95-BD182E35B13D}.Release|Any CPU.Build.0 = Release|Any CPU
	EndGlobalSection
	GlobalSection(SolutionProperties) = preSolution
		HideSolutionNode = FALSE
	EndGlobalSection
	GlobalSection(ExtensibilityGlobals) = postSolution
		SolutionGuid = {532C259B-E9ED-4980-8ADA-3F14C5CED36B}
	EndGlobalSection
EndGlobal
